<?xml version="1.0" encoding="utf-8"?>
<Project ToolsVersion="4.0" xmlns="http://schemas.microsoft.com/developer/msbuild/2003">
  <ItemGroup>
    <Filter Include="Source Files">
      <UniqueIdentifier>{4FC737F1-C7A5-4376-A066-2A32D752A2FF}</UniqueIdentifier>
      <Extensions>cpp;c;cc;cxx;def;odl;idl;hpj;bat;asm;asmx</Extensions>
    </Filter>
    <Filter Include="Header Files">
      <UniqueIdentifier>{93995380-89BD-4b04-88EB-625FBE52EBFB}</UniqueIdentifier>
      <Extensions>h;hh;hpp;hxx;hm;inl;inc;xsd</Extensions>
    </Filter>
    <Filter Include="Resource Files">
      <UniqueIdentifier>{67DA6AB6-F800-4c08-8B7A-83BB121AAD01}</UniqueIdentifier>
      <Extensions>rc;ico;cur;bmp;dlg;rc2;rct;bin;rgs;gif;jpg;jpeg;jpe;resx;tiff;tif;png;wav;mfcribbon-ms</Extensions>
    </Filter>
    <Filter Include="Audio">
      <UniqueIdentifier>{a2427d43-c779-4e2a-8f1b-20ef0debed4f}</UniqueIdentifier>
    </Filter>
    <Filter Include="AI">
      <UniqueIdentifier>{254776e9-3c73-42b3-acb2-354546747c96}</UniqueIdentifier>
    </Filter>
    <Filter Include="AI\States">
      <UniqueIdentifier>{a8175a0d-cca6-450c-8272-81abbb875bae}</UniqueIdentifier>
    </Filter>
    <Filter Include="Graphics">
      <UniqueIdentifier>{4ba447f0-3567-4dfb-95a9-0e49c9433736}</UniqueIdentifier>
    </Filter>
    <Filter Include="Graphics\Texture">
      <UniqueIdentifier>{80668a7e-56ae-4e40-a20d-89428b3c8853}</UniqueIdentifier>
    </Filter>
    <Filter Include="Graphics\Shader">
      <UniqueIdentifier>{ff180428-92b8-415f-afc3-dc6d2d7dc5e7}</UniqueIdentifier>
    </Filter>
    <Filter Include="Graphics\Buffers">
      <UniqueIdentifier>{3a0f9dff-5b76-4db4-bde2-c38957b56a49}</UniqueIdentifier>
    </Filter>
    <Filter Include="Entity">
      <UniqueIdentifier>{ff8cb55d-8fce-4419-91d8-4a7027382bd1}</UniqueIdentifier>
    </Filter>
    <Filter Include="Message">
      <UniqueIdentifier>{8a7bc9bf-1671-45cf-9339-16c9ee205518}</UniqueIdentifier>
    </Filter>
    <Filter Include="Miscellaneous">
      <UniqueIdentifier>{115d0e19-de5c-410b-84cb-35cc2774b71d}</UniqueIdentifier>
    </Filter>
    <Filter Include="Graphics\Renderer">
      <UniqueIdentifier>{cab139e1-89ac-4a39-83a2-79614ce42278}</UniqueIdentifier>
    </Filter>
    <Filter Include="Game">
      <UniqueIdentifier>{7b19b0b1-ff4b-4a86-92ff-8342436c7f3a}</UniqueIdentifier>
    </Filter>
    <Filter Include="PathFinding">
      <UniqueIdentifier>{321731ee-eab9-4c21-a058-2ae6cba6aee1}</UniqueIdentifier>
    </Filter>
    <Filter Include="Graphics\Mesh">
      <UniqueIdentifier>{331adfac-2daf-4324-b890-88604442fb57}</UniqueIdentifier>
    </Filter>
    <Filter Include="Graphics\Shader\Shaders">
      <UniqueIdentifier>{b985291b-f152-455e-b864-2348dff0f0bd}</UniqueIdentifier>
    </Filter>
    <Filter Include="Graphics\Camera">
      <UniqueIdentifier>{afd36538-bc2d-49e3-a9e7-3969f06c3d55}</UniqueIdentifier>
    </Filter>
    <Filter Include="Graphics\Layers">
      <UniqueIdentifier>{20b11b11-eb2f-48ca-816d-0b9ecd338e69}</UniqueIdentifier>
    </Filter>
    <Filter Include="Resource Files\ext">
      <UniqueIdentifier>{1fc31b51-4264-4a78-9ed7-73eb038983d2}</UniqueIdentifier>
    </Filter>
    <Filter Include="Resource Files\ext\freetype">
      <UniqueIdentifier>{c3717a66-0ffc-4cc6-b45b-6b8314b37e93}</UniqueIdentifier>
    </Filter>
    <Filter Include="Header Files\ext">
      <UniqueIdentifier>{20a8318c-3a24-40e6-bbe5-5473aff19ad6}</UniqueIdentifier>
    </Filter>
    <Filter Include="Header Files\ext\freetype">
      <UniqueIdentifier>{a86eea2e-0416-4a13-80d2-42ac6a8d3832}</UniqueIdentifier>
    </Filter>
    <Filter Include="Resource Files\ext\freetype\FT_MODULES">
      <UniqueIdentifier>{352f0344-0d1d-4d4a-a8b4-8eac5b44aeb8}</UniqueIdentifier>
    </Filter>
    <Filter Include="Header Files\ext\freetype-gl">
      <UniqueIdentifier>{6ce8c0eb-f039-472e-bc8e-9d1ed2642e6a}</UniqueIdentifier>
    </Filter>
    <Filter Include="Resource Files\ext\freetype-gl">
      <UniqueIdentifier>{e62f4ae5-a231-4ed9-afa8-acc27302eb40}</UniqueIdentifier>
    </Filter>
    <Filter Include="Graphics\Font">
      <UniqueIdentifier>{b0f484e1-2e0b-4ee6-8722-bb2ae57883e4}</UniqueIdentifier>
    </Filter>
    <Filter Include="Entity\Entities">
      <UniqueIdentifier>{84482dee-3599-4508-bcec-70290aee615b}</UniqueIdentifier>
    </Filter>
    <Filter Include="Games">
      <UniqueIdentifier>{9b92b5b5-50fd-4bd6-a8e5-760341231ba4}</UniqueIdentifier>
    </Filter>
    <Filter Include="Games\Pacman">
      <UniqueIdentifier>{70774218-6b9d-4ac0-90f8-6ec0c2cb30c3}</UniqueIdentifier>
    </Filter>
    <Filter Include="Games\Pacman\Entities">
      <UniqueIdentifier>{970c30cf-bf27-4b7b-a2f3-2be619537941}</UniqueIdentifier>
    </Filter>
    <Filter Include="Games\Shooter">
      <UniqueIdentifier>{b1cf5a2a-7dce-42d7-b9b5-431d53382ecf}</UniqueIdentifier>
    </Filter>
    <Filter Include="Games\GothicVania">
      <UniqueIdentifier>{c2d10695-2313-42d6-a8fc-3e3143f6859e}</UniqueIdentifier>
    </Filter>
    <Filter Include="Graphics\Renderer\Animation">
      <UniqueIdentifier>{692c55f9-16fb-43a9-9b24-67d98ff5c631}</UniqueIdentifier>
    </Filter>
    <Filter Include="Games\GothicVania\Sprites">
      <UniqueIdentifier>{feacbc1a-5cdb-4dcc-b0b9-efe5108439a2}</UniqueIdentifier>
    </Filter>
    <Filter Include="Games\GothicVania\Entities">
      <UniqueIdentifier>{501cc157-5c4e-4071-a4d3-980cb041cb50}</UniqueIdentifier>
    </Filter>
    <Filter Include="Games\GothicVania\Entities\States">
      <UniqueIdentifier>{10e5b858-9677-4603-afd3-3840fb81e291}</UniqueIdentifier>
    </Filter>
    <Filter Include="Games\GothicVania\Entities\States\Entity States">
      <UniqueIdentifier>{50a72ff0-0dc1-4eba-9bc8-d32c63eb900c}</UniqueIdentifier>
    </Filter>
  </ItemGroup>
  <ItemGroup>
    <ClCompile Include="main.cpp">
      <Filter>Source Files</Filter>
    </ClCompile>
    <ClCompile Include="Sound.cpp">
      <Filter>Audio</Filter>
    </ClCompile>
    <ClCompile Include="SoundManager.cpp">
      <Filter>Audio</Filter>
    </ClCompile>
    <ClCompile Include="ShaderManager.cpp">
      <Filter>Graphics\Shader</Filter>
    </ClCompile>
    <ClCompile Include="Shader.cpp">
      <Filter>Graphics\Shader</Filter>
    </ClCompile>
    <ClCompile Include="Texture.cpp">
      <Filter>Graphics\Texture</Filter>
    </ClCompile>
    <ClCompile Include="TextureManager.cpp">
      <Filter>Graphics\Texture</Filter>
    </ClCompile>
    <ClCompile Include="VertexArray.cpp">
      <Filter>Graphics\Buffers</Filter>
    </ClCompile>
    <ClCompile Include="IndexBuffer.cpp">
      <Filter>Graphics\Buffers</Filter>
    </ClCompile>
    <ClCompile Include="Buffer.cpp">
      <Filter>Graphics\Buffers</Filter>
    </ClCompile>
    <ClCompile Include="Entity.cpp">
      <Filter>Entity</Filter>
    </ClCompile>
    <ClCompile Include="EntityManager.cpp">
      <Filter>Entity</Filter>
    </ClCompile>
    <ClCompile Include="MessageDispatcher.cpp">
      <Filter>Message</Filter>
    </ClCompile>
    <ClCompile Include="SimpleTimer.cpp">
      <Filter>Miscellaneous</Filter>
    </ClCompile>
    <ClCompile Include="Vampire.cpp">
      <Filter>Games</Filter>
    </ClCompile>
    <ClCompile Include="MinerOwnedStates.cpp">
      <Filter>Games</Filter>
    </ClCompile>
    <ClCompile Include="Miner.cpp">
      <Filter>Games</Filter>
    </ClCompile>
    <ClCompile Include="Renderer.cpp">
      <Filter>Graphics\Renderer</Filter>
    </ClCompile>
    <ClCompile Include="MinersWife.cpp">
      <Filter>Games</Filter>
    </ClCompile>
    <ClCompile Include="MinersWifeOwnedStates.cpp">
      <Filter>Games</Filter>
    </ClCompile>
    <ClCompile Include="TileMap.cpp">
      <Filter>PathFinding</Filter>
    </ClCompile>
    <ClCompile Include="Tile.cpp">
      <Filter>PathFinding</Filter>
    </ClCompile>
    <ClCompile Include="Mesh.cpp">
      <Filter>Graphics\Mesh</Filter>
    </ClCompile>
    <ClCompile Include="MeshFactory.cpp">
      <Filter>Graphics\Mesh</Filter>
    </ClCompile>
    <ClCompile Include="Camera.cpp">
      <Filter>Graphics\Camera</Filter>
    </ClCompile>
    <ClCompile Include="Player.cpp">
      <Filter>Games</Filter>
    </ClCompile>
    <ClCompile Include="SimpleObject.cpp">
      <Filter>Games</Filter>
    </ClCompile>
    <ClCompile Include="Renderable.cpp">
      <Filter>Graphics\Renderer</Filter>
    </ClCompile>
    <ClCompile Include="BatchRenderer.cpp">
      <Filter>Graphics\Renderer</Filter>
    </ClCompile>
    <ClCompile Include="Sprite.cpp">
      <Filter>Graphics\Renderer</Filter>
    </ClCompile>
    <ClCompile Include="Static_Sprite.cpp">
      <Filter>Graphics\Renderer</Filter>
    </ClCompile>
    <ClCompile Include="Layer.cpp">
      <Filter>Graphics\Layers</Filter>
    </ClCompile>
    <ClCompile Include="TileLayer.cpp">
      <Filter>Graphics\Layers</Filter>
    </ClCompile>
    <ClCompile Include="Group.cpp">
      <Filter>Graphics\Layers</Filter>
    </ClCompile>
    <ClCompile Include="ext\freetype\src\autofit\autofit.c">
      <Filter>Resource Files\ext\freetype</Filter>
    </ClCompile>
    <ClCompile Include="ext\freetype\src\bdf\bdf.c">
      <Filter>Resource Files\ext\freetype</Filter>
    </ClCompile>
    <ClCompile Include="ext\freetype\src\cff\cff.c">
      <Filter>Resource Files\ext\freetype</Filter>
    </ClCompile>
    <ClCompile Include="ext\freetype\src\base\ftbase.c">
      <Filter>Resource Files\ext\freetype</Filter>
    </ClCompile>
    <ClCompile Include="ext\freetype\src\base\ftbitmap.c">
      <Filter>Resource Files\ext\freetype</Filter>
    </ClCompile>
    <ClCompile Include="ext\freetype\src\cache\ftcache.c">
      <Filter>Resource Files\ext\freetype</Filter>
    </ClCompile>
    <ClCompile Include="ext\freetype\src\base\ftdebug.c">
      <Filter>Resource Files\ext\freetype</Filter>
    </ClCompile>
    <ClCompile Include="ext\freetype\src\base\ftfstype.c">
      <Filter>Resource Files\ext\freetype</Filter>
    </ClCompile>
    <ClCompile Include="ext\freetype\src\base\ftgasp.c">
      <Filter>Resource Files\ext\freetype</Filter>
    </ClCompile>
    <ClCompile Include="ext\freetype\src\base\ftglyph.c">
      <Filter>Resource Files\ext\freetype</Filter>
    </ClCompile>
    <ClCompile Include="ext\freetype\src\gzip\ftgzip.c">
      <Filter>Resource Files\ext\freetype</Filter>
    </ClCompile>
    <ClCompile Include="ext\freetype\src\base\ftinit.c">
      <Filter>Resource Files\ext\freetype</Filter>
    </ClCompile>
    <ClCompile Include="ext\freetype\src\lzw\ftlzw.c">
      <Filter>Resource Files\ext\freetype</Filter>
    </ClCompile>
    <ClCompile Include="ext\freetype\src\base\ftstroke.c">
      <Filter>Resource Files\ext\freetype</Filter>
    </ClCompile>
    <ClCompile Include="ext\freetype\src\base\ftsystem.c">
      <Filter>Resource Files\ext\freetype</Filter>
    </ClCompile>
    <ClCompile Include="ext\freetype\src\smooth\smooth.c">
      <Filter>Resource Files\ext\freetype</Filter>
    </ClCompile>
    <ClCompile Include="ext\freetype\src\base\ftbbox.c">
      <Filter>Resource Files\ext\freetype\FT_MODULES</Filter>
    </ClCompile>
    <ClCompile Include="ext\freetype\src\base\ftgxval.c">
      <Filter>Resource Files\ext\freetype\FT_MODULES</Filter>
    </ClCompile>
    <ClCompile Include="ext\freetype\src\base\ftlcdfil.c">
      <Filter>Resource Files\ext\freetype\FT_MODULES</Filter>
    </ClCompile>
    <ClCompile Include="ext\freetype\src\base\ftmm.c">
      <Filter>Resource Files\ext\freetype\FT_MODULES</Filter>
    </ClCompile>
    <ClCompile Include="ext\freetype\src\base\ftotval.c">
      <Filter>Resource Files\ext\freetype\FT_MODULES</Filter>
    </ClCompile>
    <ClCompile Include="ext\freetype\src\base\ftpatent.c">
      <Filter>Resource Files\ext\freetype\FT_MODULES</Filter>
    </ClCompile>
    <ClCompile Include="ext\freetype\src\base\ftpfr.c">
      <Filter>Resource Files\ext\freetype\FT_MODULES</Filter>
    </ClCompile>
    <ClCompile Include="ext\freetype\src\base\ftsynth.c">
      <Filter>Resource Files\ext\freetype\FT_MODULES</Filter>
    </ClCompile>
    <ClCompile Include="ext\freetype\src\base\fttype1.c">
      <Filter>Resource Files\ext\freetype\FT_MODULES</Filter>
    </ClCompile>
    <ClCompile Include="ext\freetype\src\base\ftwinfnt.c">
      <Filter>Resource Files\ext\freetype\FT_MODULES</Filter>
    </ClCompile>
    <ClCompile Include="ext\freetype\src\base\ftxf86.c">
      <Filter>Resource Files\ext\freetype\FT_MODULES</Filter>
    </ClCompile>
    <ClCompile Include="ext\freetype\src\pcf\pcf.c">
      <Filter>Resource Files\ext\freetype\FT_MODULES</Filter>
    </ClCompile>
    <ClCompile Include="ext\freetype\src\pfr\pfr.c">
      <Filter>Resource Files\ext\freetype\FT_MODULES</Filter>
    </ClCompile>
    <ClCompile Include="ext\freetype\src\psaux\psaux.c">
      <Filter>Resource Files\ext\freetype\FT_MODULES</Filter>
    </ClCompile>
    <ClCompile Include="ext\freetype\src\pshinter\pshinter.c">
      <Filter>Resource Files\ext\freetype\FT_MODULES</Filter>
    </ClCompile>
    <ClCompile Include="ext\freetype\src\psnames\psmodule.c">
      <Filter>Resource Files\ext\freetype\FT_MODULES</Filter>
    </ClCompile>
    <ClCompile Include="ext\freetype\src\raster\raster.c">
      <Filter>Resource Files\ext\freetype\FT_MODULES</Filter>
    </ClCompile>
    <ClCompile Include="ext\freetype\src\sfnt\sfnt.c">
      <Filter>Resource Files\ext\freetype\FT_MODULES</Filter>
    </ClCompile>
    <ClCompile Include="ext\freetype\src\truetype\truetype.c">
      <Filter>Resource Files\ext\freetype\FT_MODULES</Filter>
    </ClCompile>
    <ClCompile Include="ext\freetype\src\type1\type1.c">
      <Filter>Resource Files\ext\freetype\FT_MODULES</Filter>
    </ClCompile>
    <ClCompile Include="ext\freetype\src\cid\type1cid.c">
      <Filter>Resource Files\ext\freetype\FT_MODULES</Filter>
    </ClCompile>
    <ClCompile Include="ext\freetype\src\type42\type42.c">
      <Filter>Resource Files\ext\freetype\FT_MODULES</Filter>
    </ClCompile>
    <ClCompile Include="ext\freetype\src\winfonts\winfnt.c">
      <Filter>Resource Files\ext\freetype\FT_MODULES</Filter>
    </ClCompile>
    <ClCompile Include="ext\freetype-gl\platform.c">
      <Filter>Resource Files\ext\freetype-gl</Filter>
    </ClCompile>
    <ClCompile Include="ext\freetype-gl\texture-atlas.c">
      <Filter>Resource Files\ext\freetype-gl</Filter>
    </ClCompile>
    <ClCompile Include="ext\freetype-gl\texture-font.c">
      <Filter>Resource Files\ext\freetype-gl</Filter>
    </ClCompile>
    <ClCompile Include="ext\freetype-gl\vector.c">
      <Filter>Resource Files\ext\freetype-gl</Filter>
    </ClCompile>
    <ClCompile Include="Label.cpp">
      <Filter>Graphics\Renderer</Filter>
    </ClCompile>
    <ClCompile Include="Font.cpp">
      <Filter>Graphics\Font</Filter>
    </ClCompile>
    <ClCompile Include="FontManager.cpp">
      <Filter>Graphics\Font</Filter>
    </ClCompile>
    <ClCompile Include="Pacman.cpp">
      <Filter>Games\Pacman</Filter>
    </ClCompile>
    <ClCompile Include="Shooter.cpp">
      <Filter>Games\Shooter</Filter>
    </ClCompile>
    <ClCompile Include="PacmanEntity.cpp">
      <Filter>Games\Pacman\Entities</Filter>
    </ClCompile>
    <ClCompile Include="GothicVania.cpp">
      <Filter>Games\GothicVania</Filter>
    </ClCompile>
    <ClCompile Include="AnimatedSprite.cpp">
      <Filter>Graphics\Renderer\Animation</Filter>
    </ClCompile>
    <ClCompile Include="Animation.cpp">
      <Filter>Graphics\Renderer\Animation</Filter>
    </ClCompile>
    <ClCompile Include="HeroSprite.cpp">
      <Filter>Games\GothicVania\Sprites</Filter>
    </ClCompile>
    <ClCompile Include="HeroEntity.cpp">
      <Filter>Games\GothicVania\Entities</Filter>
    </ClCompile>
    <ClCompile Include="GothicVaniaHeroStates.cpp">
      <Filter>Games\GothicVania\Entities\States\Entity States</Filter>
    </ClCompile>
    <ClCompile Include="SkeletonSprite.cpp">
      <Filter>Games\GothicVania\Sprites</Filter>
    </ClCompile>
    <ClCompile Include="SkeletonEntity.cpp">
      <Filter>Games\GothicVania\Entities</Filter>
    </ClCompile>
  </ItemGroup>
  <ItemGroup>
    <ClInclude Include="Sound.h">
      <Filter>Audio</Filter>
    </ClInclude>
    <ClInclude Include="SoundManager.h">
      <Filter>Audio</Filter>
    </ClInclude>
    <ClInclude Include="ShaderManager.h">
      <Filter>Graphics\Shader</Filter>
    </ClInclude>
    <ClInclude Include="Shader.h">
      <Filter>Graphics\Shader</Filter>
    </ClInclude>
    <ClInclude Include="Texture.h">
      <Filter>Graphics\Texture</Filter>
    </ClInclude>
    <ClInclude Include="TextureManager.h">
      <Filter>Graphics\Texture</Filter>
    </ClInclude>
    <ClInclude Include="VertexArray.h">
      <Filter>Graphics\Buffers</Filter>
    </ClInclude>
    <ClInclude Include="IndexBuffer.h">
      <Filter>Graphics\Buffers</Filter>
    </ClInclude>
    <ClInclude Include="Buffer.h">
      <Filter>Graphics\Buffers</Filter>
    </ClInclude>
    <ClInclude Include="Entity.h">
      <Filter>Entity</Filter>
    </ClInclude>
    <ClInclude Include="EntityManager.h">
      <Filter>Entity</Filter>
    </ClInclude>
    <ClInclude Include="Miner.h">
      <Filter>Games</Filter>
    </ClInclude>
    <ClInclude Include="State.h">
      <Filter>AI\States</Filter>
    </ClInclude>
    <ClInclude Include="StateMachine.h">
      <Filter>AI\States</Filter>
    </ClInclude>
    <ClInclude Include="Message.h">
      <Filter>Message</Filter>
    </ClInclude>
    <ClInclude Include="MessageDispatcher.h">
      <Filter>Message</Filter>
    </ClInclude>
    <ClInclude Include="SimpleTimer.h">
      <Filter>Miscellaneous</Filter>
    </ClInclude>
    <ClInclude Include="Vampire.h">
      <Filter>Games</Filter>
    </ClInclude>
    <ClInclude Include="MinerOwnedStates.h">
      <Filter>Games</Filter>
    </ClInclude>
    <ClInclude Include="Renderer.h">
      <Filter>Graphics\Renderer</Filter>
    </ClInclude>
    <ClInclude Include="Locations.h">
      <Filter>Games</Filter>
    </ClInclude>
    <ClInclude Include="MinersWife.h">
      <Filter>Games</Filter>
    </ClInclude>
    <ClInclude Include="MinersWifeOwnedStates.h">
      <Filter>Games</Filter>
    </ClInclude>
    <ClInclude Include="MessageTypes.h">
      <Filter>Games</Filter>
    </ClInclude>
    <ClInclude Include="EntityNames.h">
      <Filter>Games</Filter>
    </ClInclude>
    <ClInclude Include="ConsoleUtils.h">
      <Filter>Games</Filter>
    </ClInclude>
    <ClInclude Include="Utils.h">
      <Filter>Games</Filter>
    </ClInclude>
    <ClInclude Include="Tile.h">
      <Filter>PathFinding</Filter>
    </ClInclude>
    <ClInclude Include="TileMap.h">
      <Filter>PathFinding</Filter>
    </ClInclude>
    <ClInclude Include="Mesh.h">
      <Filter>Graphics\Mesh</Filter>
    </ClInclude>
    <ClInclude Include="MeshFactory.h">
      <Filter>Graphics\Mesh</Filter>
    </ClInclude>
    <ClInclude Include="Camera.h">
      <Filter>Graphics\Camera</Filter>
    </ClInclude>
    <ClInclude Include="Player.h">
      <Filter>Games</Filter>
    </ClInclude>
    <ClInclude Include="SimpleObject.h">
      <Filter>Games</Filter>
    </ClInclude>
    <ClInclude Include="Renderable.h">
      <Filter>Graphics\Renderer</Filter>
    </ClInclude>
    <ClInclude Include="RendererBase.h">
      <Filter>Graphics\Renderer</Filter>
    </ClInclude>
    <ClInclude Include="BatchRenderer.h">
      <Filter>Graphics\Renderer</Filter>
    </ClInclude>
    <ClInclude Include="Sprite.h">
      <Filter>Graphics\Renderer</Filter>
    </ClInclude>
    <ClInclude Include="Static_Sprite.h">
      <Filter>Graphics\Renderer</Filter>
    </ClInclude>
    <ClInclude Include="Layer.h">
      <Filter>Graphics\Layers</Filter>
    </ClInclude>
    <ClInclude Include="TileLayer.h">
      <Filter>Graphics\Layers</Filter>
    </ClInclude>
    <ClInclude Include="Group.h">
      <Filter>Graphics\Layers</Filter>
    </ClInclude>
    <ClInclude Include="ext\freetype\include\config\ftconfig.h">
      <Filter>Header Files\ext\freetype</Filter>
    </ClInclude>
    <ClInclude Include="ext\freetype\include\config\ftheader.h">
      <Filter>Header Files\ext\freetype</Filter>
    </ClInclude>
    <ClInclude Include="ext\freetype\include\config\ftmodule.h">
      <Filter>Header Files\ext\freetype</Filter>
    </ClInclude>
    <ClInclude Include="ext\freetype\include\config\ftoption.h">
      <Filter>Header Files\ext\freetype</Filter>
    </ClInclude>
    <ClInclude Include="ext\freetype\include\config\ftstdlib.h">
      <Filter>Header Files\ext\freetype</Filter>
    </ClInclude>
    <ClInclude Include="ext\freetype\include\ft2build.h">
      <Filter>Header Files\ext\freetype</Filter>
    </ClInclude>
    <ClInclude Include="ext\freetype-gl\freetype-gl.h">
      <Filter>Header Files\ext\freetype-gl</Filter>
    </ClInclude>
    <ClInclude Include="ext\freetype-gl\opengl.h">
      <Filter>Header Files\ext\freetype-gl</Filter>
    </ClInclude>
    <ClInclude Include="ext\freetype-gl\platform.h">
      <Filter>Header Files\ext\freetype-gl</Filter>
    </ClInclude>
    <ClInclude Include="ext\freetype-gl\texture-atlas.h">
      <Filter>Header Files\ext\freetype-gl</Filter>
    </ClInclude>
    <ClInclude Include="ext\freetype-gl\texture-font.h">
      <Filter>Header Files\ext\freetype-gl</Filter>
    </ClInclude>
    <ClInclude Include="ext\freetype-gl\vec234.h">
      <Filter>Header Files\ext\freetype-gl</Filter>
    </ClInclude>
    <ClInclude Include="ext\freetype-gl\vector.h">
      <Filter>Header Files\ext\freetype-gl</Filter>
    </ClInclude>
    <ClInclude Include="Label.h">
      <Filter>Graphics\Renderer</Filter>
    </ClInclude>
    <ClInclude Include="Font.h">
      <Filter>Graphics\Font</Filter>
    </ClInclude>
    <ClInclude Include="FontManager.h">
      <Filter>Graphics\Font</Filter>
    </ClInclude>
    <ClInclude Include="Game.h">
      <Filter>Game</Filter>
    </ClInclude>
    <ClInclude Include="Pacman.h">
      <Filter>Games\Pacman</Filter>
    </ClInclude>
    <ClInclude Include="Shooter.h">
      <Filter>Games\Shooter</Filter>
    </ClInclude>
    <ClInclude Include="PacmanEntity.h">
      <Filter>Games\Pacman\Entities</Filter>
    </ClInclude>
    <ClInclude Include="GothicVania.h">
      <Filter>Games\GothicVania</Filter>
    </ClInclude>
    <ClInclude Include="AnimatedSprite.h">
      <Filter>Graphics\Renderer\Animation</Filter>
    </ClInclude>
    <ClInclude Include="Animation.h">
      <Filter>Graphics\Renderer\Animation</Filter>
    </ClInclude>
    <ClInclude Include="HeroSprite.h">
      <Filter>Games\GothicVania\Sprites</Filter>
    </ClInclude>
    <ClInclude Include="HeroEntity.h">
      <Filter>Games\GothicVania\Entities</Filter>
    </ClInclude>
    <ClInclude Include="GothicVaniaHeroStates.h">
      <Filter>Games\GothicVania\Entities\States\Entity States</Filter>
    </ClInclude>
    <ClInclude Include="SkeletonSprite.h">
      <Filter>Games\GothicVania\Sprites</Filter>
    </ClInclude>
    <ClInclude Include="SkeletonEntity.h">
      <Filter>Games\GothicVania\Entities</Filter>
    </ClInclude>
  </ItemGroup>
  <ItemGroup>
    <None Include="Shaders\forwardVertex.glsl">
      <Filter>Graphics\Shader\Shaders</Filter>
    </None>
    <None Include="Shaders\fragmentVertex.glsl">
      <Filter>Graphics\Shader\Shaders</Filter>
    </None>
    <None Include="Shaders\forwardVertexmenu.glsl">
      <Filter>Graphics\Shader\Shaders</Filter>
    </None>
    <None Include="Shaders\fragmentVertexmenu.glsl">
      <Filter>Graphics\Shader\Shaders</Filter>
    </None>
    <None Include="Shaders\forwardVertexTexture.glsl">
      <Filter>Graphics\Shader\Shaders</Filter>
    </None>
    <None Include="Shaders\fragmentVertexTexture.glsl">
      <Filter>Graphics\Shader\Shaders</Filter>
    </None>
  </ItemGroup>
</Project>